
Microsoft Visual Studio Solution File, Format Version 12.00
# Visual Studio Version 16
VisualStudioVersion = 16.0.31515.178
MinimumVisualStudioVersion = 10.0.40219.1
Project("{FAE04EC0-301F-11D3-BF4B-00C04F79EFBC}") = "Triaje", "Triaje\Triaje.csproj", "{4501BA37-97C8-449F-A1D3-3E2B9003537F}"
EndProject
Global
	GlobalSection(SolutionConfigurationPlatforms) = preSolution
		Debug|Any CPU = Debug|Any CPU
		Release|Any CPU = Release|Any CPU
	EndGlobalSection
	GlobalSection(ProjectConfigurationPlatforms) = postSolution
		{4501BA37-97C8-449F-A1D3-3E2B9003537F}.Debug|Any CPU.ActiveCfg = Debug|Any CPU
		{4501BA37-97C8-449F-A1D3-3E2B9003537F}.Debug|Any CPU.Build.0 = Debug|Any CPU
		{4501BA37-97C8-449F-A1D3-3E2B9003537F}.Release|Any CPU.ActiveCfg = Release|Any CPU
		{4501BA37-97C8-449F-A1D3-3E2B9003537F}.Release|Any CPU.Build.0 = Release|Any CPU
	EndGlobalSection
	GlobalSection(SolutionProperties) = preSolution
		HideSolutionNode = FALSE
	EndGlobalSection
	GlobalSection(ExtensibilityGlobals) = postSolution
		SolutionGuid = {0DEA2929-8BBF-433F-9B43-36C4466B6245}
	EndGlobalSection
EndGlobal
